
Microsoft Visual Studio Solution File, Format Version 12.00
# Visual Studio Version 17
VisualStudioVersion = 17.7.34202.233
MinimumVisualStudioVersion = 10.0.40219.1
Project("{FAE04EC0-301F-11D3-BF4B-00C04F79EFBC}") = "GeoQuest", "GeoQuest.csproj", "{2C87B1FD-5DF9-4732-962A-202F88862F5B}"
EndProject
Global
	GlobalSection(SolutionConfigurationPlatforms) = preSolution
		Debug|Any CPU = Debug|Any CPU
		Release|Any CPU = Release|Any CPU
	EndGlobalSection
	GlobalSection(ProjectConfigurationPlatforms) = postSolution
		{2C87B1FD-5DF9-4732-962A-202F88862F5B}.Debug|Any CPU.ActiveCfg = Debug|Any CPU
		{2C87B1FD-5DF9-4732-962A-202F88862F5B}.Debug|Any CPU.Build.0 = Debug|Any CPU
		{2C87B1FD-5DF9-4732-962A-202F88862F5B}.Release|Any CPU.ActiveCfg = Release|Any CPU
		{2C87B1FD-5DF9-4732-962A-202F88862F5B}.Release|Any CPU.Build.0 = Release|Any CPU
	EndGlobalSection
	GlobalSection(SolutionProperties) = preSolution
		HideSolutionNode = FALSE
	EndGlobalSection
	GlobalSection(ExtensibilityGlobals) = postSolution
		SolutionGuid = {499FD4EF-1BDF-4BE8-A6AD-0E315ED86D72}
	EndGlobalSection
EndGlobal
